# THIS IS AN AUTOGENERATED FILE. DO NOT EDIT THIS FILE DIRECTLY.
# yarn lockfile v1


no-mouse-days@^0.0.2:
  version "0.0.2"
  resolved "https://registry.yarnpkg.com/no-mouse-days/-/no-mouse-days-0.0.2.tgz#2538a5b7b54c55642f9c2fa5c698392212ec8aa0"
  integrity sha512-1AVjO4mQoKXkzXanFgZyxgqBQvD31MRTrnk2fc9ruEbBayyvtkL21A3l5+ofaqPd32F3DNEbVbLLPNcGLIeS2g==
